
Microsoft Visual Studio Solution File, Format Version 12.00
# Visual Studio Version 17
VisualStudioVersion = 17.5.33627.172
MinimumVisualStudioVersion = 10.0.40219.1
Project("{FAE04EC0-301F-11D3-BF4B-00C04F79EFBC}") = "WpfApp1", "WpfApp1.csproj", "{C6B3E01A-7E73-4100-AF91-854CE638B550}"
EndProject
Global
	GlobalSection(SolutionConfigurationPlatforms) = preSolution
		Debug|Any CPU = Debug|Any CPU
		Release|Any CPU = Release|Any CPU
	EndGlobalSection
	GlobalSection(ProjectConfigurationPlatforms) = postSolution
		{C6B3E01A-7E73-4100-AF91-854CE638B550}.Debug|Any CPU.ActiveCfg = Debug|Any CPU
		{C6B3E01A-7E73-4100-AF91-854CE638B550}.Debug|Any CPU.Build.0 = Debug|Any CPU
		{C6B3E01A-7E73-4100-AF91-854CE638B550}.Release|Any CPU.ActiveCfg = Release|Any CPU
		{C6B3E01A-7E73-4100-AF91-854CE638B550}.Release|Any CPU.Build.0 = Release|Any CPU
	EndGlobalSection
	GlobalSection(SolutionProperties) = preSolution
		HideSolutionNode = FALSE
	EndGlobalSection
	GlobalSection(ExtensibilityGlobals) = postSolution
		SolutionGuid = {9BA65BDF-B0D8-463B-B347-3B30B131A334}
	EndGlobalSection
EndGlobal
